// !$*UTF8*$!
{
	archiveVersion = 1;
	classes = {
	};
	objectVersion = 55;
	objects = {

/* Begin PBXBuildFile section */
		FAECE49B28F6314300EE05CF /* WordPlayApp.swift in Sources */ = {isa = PBXBuildFile; fileRef = FAECE49A28F6314300EE05CF /* WordPlayApp.swift */; };
		FAECE49D28F6314300EE05CF /* WPStartView.swift in Sources */ = {isa = PBXBuildFile; fileRef = FAECE49C28F6314300EE05CF /* WPStartView.swift */; };
		FAECE49F28F6314800EE05CF /* Assets.xcassets in Resources */ = {isa = PBXBuildFile; fileRef = FAECE49E28F6314800EE05CF /* Assets.xcassets */; };
		FAECE4A228F6314800EE05CF /* Preview Assets.xcassets in Resources */ = {isa = PBXBuildFile; fileRef = FAECE4A128F6314800EE05CF /* Preview Assets.xcassets */; };
		FAECE4AA28F63D2B00EE05CF /* WPTitleTextView.swift in Sources */ = {isa = PBXBuildFile; fileRef = FAECE4A928F63D2B00EE05CF /* WPTitleTextView.swift */; };
		FAECE4AC28F63DF400EE05CF /* WPTextFieldView.swift in Sources */ = {isa = PBXBuildFile; fileRef = FAECE4AB28F63DF400EE05CF /* WPTextFieldView.swift */; };
		FAECE4AF28F6416B00EE05CF /* WPGameView.swift in Sources */ = {isa = PBXBuildFile; fileRef = FAECE4AE28F6416B00EE05CF /* WPGameView.swift */; };
		FAECE4B228F728C800EE05CF /* WPPlayerModel.swift in Sources */ = {isa = PBXBuildFile; fileRef = FAECE4B128F728C800EE05CF /* WPPlayerModel.swift */; };
		FAECE4B528F729C200EE05CF /* WPGameViewModel.swift in Sources */ = {isa = PBXBuildFile; fileRef = FAECE4B428F729C200EE05CF /* WPGameViewModel.swift */; };
		FAECE4B728F7492D00EE05CF /* WPStartViewModel.swift in Sources */ = {isa = PBXBuildFile; fileRef = FAECE4B628F7492D00EE05CF /* WPStartViewModel.swift */; };
		FAECE4B928F75C4B00EE05CF /* WPWordCell.swift in Sources */ = {isa = PBXBuildFile; fileRef = FAECE4B828F75C4B00EE05CF /* WPWordCell.swift */; };
/* End PBXBuildFile section */

/* Begin PBXFileReference section */
		FAECE49728F6314300EE05CF /* WordPlay.app */ = {isa = PBXFileReference; explicitFileType = wrapper.application; includeInIndex = 0; path = WordPlay.app; sourceTree = BUILT_PRODUCTS_DIR; };
		FAECE49A28F6314300EE05CF /* WordPlayApp.swift */ = {isa = PBXFileReference; lastKnownFileType = sourcecode.swift; path = WordPlayApp.swift; sourceTree = "<group>"; };
		FAECE49C28F6314300EE05CF /* WPStartView.swift */ = {isa = PBXFileReference; lastKnownFileType = sourcecode.swift; path = WPStartView.swift; sourceTree = "<group>"; };
		FAECE49E28F6314800EE05CF /* Assets.xcassets */ = {isa = PBXFileReference; lastKnownFileType = folder.assetcatalog; path = Assets.xcassets; sourceTree = "<group>"; };
		FAECE4A128F6314800EE05CF /* Preview Assets.xcassets */ = {isa = PBXFileReference; lastKnownFileType = folder.assetcatalog; path = "Preview Assets.xcassets"; sourceTree = "<group>"; };
		FAECE4A928F63D2B00EE05CF /* WPTitleTextView.swift */ = {isa = PBXFileReference; lastKnownFileType = sourcecode.swift; path = WPTitleTextView.swift; sourceTree = "<group>"; };
		FAECE4AB28F63DF400EE05CF /* WPTextFieldView.swift */ = {isa = PBXFileReference; lastKnownFileType = sourcecode.swift; path = WPTextFieldView.swift; sourceTree = "<group>"; };
		FAECE4AE28F6416B00EE05CF /* WPGameView.swift */ = {isa = PBXFileReference; lastKnownFileType = sourcecode.swift; path = WPGameView.swift; sourceTree = "<group>"; };
		FAECE4B128F728C800EE05CF /* WPPlayerModel.swift */ = {isa = PBXFileReference; lastKnownFileType = sourcecode.swift; path = WPPlayerModel.swift; sourceTree = "<group>"; };
		FAECE4B428F729C200EE05CF /* WPGameViewModel.swift */ = {isa = PBXFileReference; lastKnownFileType = sourcecode.swift; path = WPGameViewModel.swift; sourceTree = "<group>"; };
		FAECE4B628F7492D00EE05CF /* WPStartViewModel.swift */ = {isa = PBXFileReference; lastKnownFileType = sourcecode.swift; path = WPStartViewModel.swift; sourceTree = "<group>"; };
		FAECE4B828F75C4B00EE05CF /* WPWordCell.swift */ = {isa = PBXFileReference; lastKnownFileType = sourcecode.swift; path = WPWordCell.swift; sourceTree = "<group>"; };
/* End PBXFileReference section */

/* Begin PBXFrameworksBuildPhase section */
		FAECE49428F6314300EE05CF /* Frameworks */ = {
			isa = PBXFrameworksBuildPhase;
			buildActionMask = 2147483647;
			files = (
			);
			runOnlyForDeploymentPostprocessing = 0;
		};
/* End PBXFrameworksBuildPhase section */

/* Begin PBXGroup section */
		FAECE48E28F6314300EE05CF = {
			isa = PBXGroup;
			children = (
				FAECE49928F6314300EE05CF /* WordPlay */,
				FAECE49828F6314300EE05CF /* Products */,
			);
			sourceTree = "<group>";
		};
		FAECE49828F6314300EE05CF /* Products */ = {
			isa = PBXGroup;
			children = (
				FAECE49728F6314300EE05CF /* WordPlay.app */,
			);
			name = Products;
			sourceTree = "<group>";
		};
		FAECE49928F6314300EE05CF /* WordPlay */ = {
			isa = PBXGroup;
			children = (
				FAECE4B028F7289C00EE05CF /* Models */,
				FAECE4AD28F640D700EE05CF /* Views */,
				FAECE4B328F729B100EE05CF /* ViewModels */,
				FAECE49A28F6314300EE05CF /* WordPlayApp.swift */,
				FAECE49E28F6314800EE05CF /* Assets.xcassets */,
				FAECE4A028F6314800EE05CF /* Preview Content */,
			);
			path = WordPlay;
			sourceTree = "<group>";
		};
		FAECE4A028F6314800EE05CF /* Preview Content */ = {
			isa = PBXGroup;
			children = (
				FAECE4A128F6314800EE05CF /* Preview Assets.xcassets */,
			);
			path = "Preview Content";
			sourceTree = "<group>";
		};
		FAECE4A828F63D1700EE05CF /* Components */ = {
			isa = PBXGroup;
			children = (
				FAECE4A928F63D2B00EE05CF /* WPTitleTextView.swift */,
				FAECE4AB28F63DF400EE05CF /* WPTextFieldView.swift */,
				FAECE4B828F75C4B00EE05CF /* WPWordCell.swift */,
			);
			path = Components;
			sourceTree = "<group>";
		};
		FAECE4AD28F640D700EE05CF /* Views */ = {
			isa = PBXGroup;
			children = (
				FAECE4A828F63D1700EE05CF /* Components */,
				FAECE49C28F6314300EE05CF /* WPStartView.swift */,
				FAECE4AE28F6416B00EE05CF /* WPGameView.swift */,
			);
			path = Views;
			sourceTree = "<group>";
		};
		FAECE4B028F7289C00EE05CF /* Models */ = {
			isa = PBXGroup;
			children = (
				FAECE4B128F728C800EE05CF /* WPPlayerModel.swift */,
			);
			path = Models;
			sourceTree = "<group>";
		};
		FAECE4B328F729B100EE05CF /* ViewModels */ = {
			isa = PBXGroup;
			children = (
				FAECE4B428F729C200EE05CF /* WPGameViewModel.swift */,
				FAECE4B628F7492D00EE05CF /* WPStartViewModel.swift */,
			);
			path = ViewModels;
			sourceTree = "<group>";
		};
/* End PBXGroup section */

/* Begin PBXNativeTarget section */
		FAECE49628F6314300EE05CF /* WordPlay */ = {
			isa = PBXNativeTarget;
			buildConfigurationList = FAECE4A528F6314800EE05CF /* Build configuration list for PBXNativeTarget "WordPlay" */;
			buildPhases = (
				FAECE49328F6314300EE05CF /* Sources */,
				FAECE49428F6314300EE05CF /* Frameworks */,
				FAECE49528F6314300EE05CF /* Resources */,
			);
			buildRules = (
			);
			dependencies = (
			);
			name = WordPlay;
			productName = WordPlay;
			productReference = FAECE49728F6314300EE05CF /* WordPlay.app */;
			productType = "com.apple.product-type.application";
		};
/* End PBXNativeTarget section */

/* Begin PBXProject section */
		FAECE48F28F6314300EE05CF /* Project object */ = {
			isa = PBXProject;
			attributes = {
				BuildIndependentTargetsInParallel = 1;
				LastSwiftUpdateCheck = 1340;
				LastUpgradeCheck = 1340;
				TargetAttributes = {
					FAECE49628F6314300EE05CF = {
						CreatedOnToolsVersion = 13.4.1;
					};
				};
			};
			buildConfigurationList = FAECE49228F6314300EE05CF /* Build configuration list for PBXProject "WordPlay" */;
			compatibilityVersion = "Xcode 13.0";
			developmentRegion = en;
			hasScannedForEncodings = 0;
			knownRegions = (
				en,
				Base,
			);
			mainGroup = FAECE48E28F6314300EE05CF;
			productRefGroup = FAECE49828F6314300EE05CF /* Products */;
			projectDirPath = "";
			projectRoot = "";
			targets = (
				FAECE49628F6314300EE05CF /* WordPlay */,
			);
		};
/* End PBXProject section */

/* Begin PBXResourcesBuildPhase section */
		FAECE49528F6314300EE05CF /* Resources */ = {
			isa = PBXResourcesBuildPhase;
			buildActionMask = 2147483647;
			files = (
				FAECE4A228F6314800EE05CF /* Preview Assets.xcassets in Resources */,
				FAECE49F28F6314800EE05CF /* Assets.xcassets in Resources */,
			);
			runOnlyForDeploymentPostprocessing = 0;
		};
/* End PBXResourcesBuildPhase section */

/* Begin PBXSourcesBuildPhase section */
		FAECE49328F6314300EE05CF /* Sources */ = {
			isa = PBXSourcesBuildPhase;
			buildActionMask = 2147483647;
			files = (
				FAECE4B528F729C200EE05CF /* WPGameViewModel.swift in Sources */,
				FAECE4AF28F6416B00EE05CF /* WPGameView.swift in Sources */,
				FAECE4B728F7492D00EE05CF /* WPStartViewModel.swift in Sources */,
				FAECE4B228F728C800EE05CF /* WPPlayerModel.swift in Sources */,
				FAECE4AC28F63DF400EE05CF /* WPTextFieldView.swift in Sources */,
				FAECE49D28F6314300EE05CF /* WPStartView.swift in Sources */,
				FAECE4B928F75C4B00EE05CF /* WPWordCell.swift in Sources */,
				FAECE4AA28F63D2B00EE05CF /* WPTitleTextView.swift in Sources */,
				FAECE49B28F6314300EE05CF /* WordPlayApp.swift in Sources */,
			);
			runOnlyForDeploymentPostprocessing = 0;
		};
/* End PBXSourcesBuildPhase section */

/* Begin XCBuildConfiguration section */
		FAECE4A328F6314800EE05CF /* Debug */ = {
			isa = XCBuildConfiguration;
			buildSettings = {
				ALWAYS_SEARCH_USER_PATHS = NO;
				CLANG_ANALYZER_NONNULL = YES;
				CLANG_ANALYZER_NUMBER_OBJECT_CONVERSION = YES_AGGRESSIVE;
				CLANG_CXX_LANGUAGE_STANDARD = "gnu++17";
				CLANG_ENABLE_MODULES = YES;
				CLANG_ENABLE_OBJC_ARC = YES;
				CLANG_ENABLE_OBJC_WEAK = YES;
				CLANG_WARN_BLOCK_CAPTURE_AUTORELEASING = YES;
				CLANG_WARN_BOOL_CONVERSION = YES;
				CLANG_WARN_COMMA = YES;
				CLANG_WARN_CONSTANT_CONVERSION = YES;
				CLANG_WARN_DEPRECATED_OBJC_IMPLEMENTATIONS = YES;
				CLANG_WARN_DIRECT_OBJC_ISA_USAGE = YES_ERROR;
				CLANG_WARN_DOCUMENTATION_COMMENTS = YES;
				CLANG_WARN_EMPTY_BODY = YES;
				CLANG_WARN_ENUM_CONVERSION = YES;
				CLANG_WARN_INFINITE_RECURSION = YES;
				CLANG_WARN_INT_CONVERSION = YES;
				CLANG_WARN_NON_LITERAL_NULL_CONVERSION = YES;
				CLANG_WARN_OBJC_IMPLICIT_RETAIN_SELF = YES;
				CLANG_WARN_OBJC_LITERAL_CONVERSION = YES;
				CLANG_WARN_OBJC_ROOT_CLASS = YES_ERROR;
				CLANG_WARN_QUOTED_INCLUDE_IN_FRAMEWORK_HEADER = YES;
				CLANG_WARN_RANGE_LOOP_ANALYSIS = YES;
				CLANG_WARN_STRICT_PROTOTYPES = YES;
				CLANG_WARN_SUSPICIOUS_MOVE = YES;
				CLANG_WARN_UNGUARDED_AVAILABILITY = YES_AGGRESSIVE;
				CLANG_WARN_UNREACHABLE_CODE = YES;
				CLANG_WARN__DUPLICATE_METHOD_MATCH = YES;
				COPY_PHASE_STRIP = NO;
				DEBUG_INFORMATION_FORMAT = dwarf;
				ENABLE_STRICT_OBJC_MSGSEND = YES;
				ENABLE_TESTABILITY = YES;
				GCC_C_LANGUAGE_STANDARD = gnu11;
				GCC_DYNAMIC_NO_PIC = NO;
				GCC_NO_COMMON_BLOCKS = YES;
				GCC_OPTIMIZATION_LEVEL = 0;
				GCC_PREPROCESSOR_DEFINITIONS = (
					"DEBUG=1",
					"$(inherited)",
				);
				GCC_WARN_64_TO_32_BIT_CONVERSION = YES;
				GCC_WARN_ABOUT_RETURN_TYPE = YES_ERROR;
				GCC_WARN_UNDECLARED_SELECTOR = YES;
				GCC_WARN_UNINITIALIZED_AUTOS = YES_AGGRESSIVE;
				GCC_WARN_UNUSED_FUNCTION = YES;
				GCC_WARN_UNUSED_VARIABLE = YES;
				IPHONEOS_DEPLOYMENT_TARGET = 15.5;
				MTL_ENABLE_DEBUG_INFO = INCLUDE_SOURCE;
				MTL_FAST_MATH = YES;
				ONLY_ACTIVE_ARCH = YES;
				SDKROOT = iphoneos;
				SWIFT_ACTIVE_COMPILATION_CONDITIONS = DEBUG;
				SWIFT_OPTIMIZATION_LEVEL = "-Onone";
			};
			name = Debug;
		};
		FAECE4A428F6314800EE05CF /* Release */ = {
			isa = XCBuildConfiguration;
			buildSettings = {
				ALWAYS_SEARCH_USER_PATHS = NO;
				CLANG_ANALYZER_NONNULL = YES;
				CLANG_ANALYZER_NUMBER_OBJECT_CONVERSION = YES_AGGRESSIVE;
				CLANG_CXX_LANGUAGE_STANDARD = "gnu++17";
				CLANG_ENABLE_MODULES = YES;
				CLANG_ENABLE_OBJC_ARC = YES;
				CLANG_ENABLE_OBJC_WEAK = YES;
				CLANG_WARN_BLOCK_CAPTURE_AUTORELEASING = YES;
				CLANG_WARN_BOOL_CONVERSION = YES;
				CLANG_WARN_COMMA = YES;
				CLANG_WARN_CONSTANT_CONVERSION = YES;
				CLANG_WARN_DEPRECATED_OBJC_IMPLEMENTATIONS = YES;
				CLANG_WARN_DIRECT_OBJC_ISA_USAGE = YES_ERROR;
				CLANG_WARN_DOCUMENTATION_COMMENTS = YES;
				CLANG_WARN_EMPTY_BODY = YES;
				CLANG_WARN_ENUM_CONVERSION = YES;
				CLANG_WARN_INFINITE_RECURSION = YES;
				CLANG_WARN_INT_CONVERSION = YES;
				CLANG_WARN_NON_LITERAL_NULL_CONVERSION = YES;
				CLANG_WARN_OBJC_IMPLICIT_RETAIN_SELF = YES;
				CLANG_WARN_OBJC_LITERAL_CONVERSION = YES;
				CLANG_WARN_OBJC_ROOT_CLASS = YES_ERROR;
				CLANG_WARN_QUOTED_INCLUDE_IN_FRAMEWORK_HEADER = YES;
				CLANG_WARN_RANGE_LOOP_ANALYSIS = YES;
				CLANG_WARN_STRICT_PROTOTYPES = YES;
				CLANG_WARN_SUSPICIOUS_MOVE = YES;
				CLANG_WARN_UNGUARDED_AVAILABILITY = YES_AGGRESSIVE;
				CLANG_WARN_UNREACHABLE_CODE = YES;
				CLANG_WARN__DUPLICATE_METHOD_MATCH = YES;
				COPY_PHASE_STRIP = NO;
				DEBUG_INFORMATION_FORMAT = "dwarf-with-dsym";
				ENABLE_NS_ASSERTIONS = NO;
				ENABLE_STRICT_OBJC_MSGSEND = YES;
				GCC_C_LANGUAGE_STANDARD = gnu11;
				GCC_NO_COMMON_BLOCKS = YES;
				GCC_WARN_64_TO_32_BIT_CONVERSION = YES;
				GCC_WARN_ABOUT_RETURN_TYPE = YES_ERROR;
				GCC_WARN_UNDECLARED_SELECTOR = YES;
				GCC_WARN_UNINITIALIZED_AUTOS = YES_AGGRESSIVE;
				GCC_WARN_UNUSED_FUNCTION = YES;
				GCC_WARN_UNUSED_VARIABLE = YES;
				IPHONEOS_DEPLOYMENT_TARGET = 15.5;
				MTL_ENABLE_DEBUG_INFO = NO;
				MTL_FAST_MATH = YES;
				SDKROOT = iphoneos;
				SWIFT_COMPILATION_MODE = wholemodule;
				SWIFT_OPTIMIZATION_LEVEL = "-O";
				VALIDATE_PRODUCT = YES;
			};
			name = Release;
		};
		FAECE4A628F6314800EE05CF /* Debug */ = {
			isa = XCBuildConfiguration;
			buildSettings = {
				ASSETCATALOG_COMPILER_APPICON_NAME = AppIcon;
				ASSETCATALOG_COMPILER_GLOBAL_ACCENT_COLOR_NAME = AccentColor;
				CODE_SIGN_STYLE = Automatic;
				CURRENT_PROJECT_VERSION = 1;
				DEVELOPMENT_ASSET_PATHS = "\"WordPlay/Preview Content\"";
				DEVELOPMENT_TEAM = 955DP87LHM;
				ENABLE_PREVIEWS = YES;
				GENERATE_INFOPLIST_FILE = YES;
				INFOPLIST_KEY_UIApplicationSceneManifest_Generation = YES;
				INFOPLIST_KEY_UIApplicationSupportsIndirectInputEvents = YES;
				INFOPLIST_KEY_UILaunchScreen_Generation = YES;
				INFOPLIST_KEY_UIStatusBarHidden = YES;
				INFOPLIST_KEY_UISupportedInterfaceOrientations = UIInterfaceOrientationPortrait;
				INFOPLIST_KEY_UISupportedInterfaceOrientations_iPad = "UIInterfaceOrientationPortrait UIInterfaceOrientationPortraitUpsideDown UIInterfaceOrientationLandscapeLeft UIInterfaceOrientationLandscapeRight";
				INFOPLIST_KEY_UISupportedInterfaceOrientations_iPhone = "UIInterfaceOrientationPortrait UIInterfaceOrientationLandscapeLeft UIInterfaceOrientationLandscapeRight";
				IPHONEOS_DEPLOYMENT_TARGET = 15.0;
				LD_RUNPATH_SEARCH_PATHS = (
					"$(inherited)",
					"@executable_path/Frameworks",
				);
				MARKETING_VERSION = 1.0;
				PRODUCT_BUNDLE_IDENTIFIER = none.WordPlay;
				PRODUCT_NAME = "$(TARGET_NAME)";
				SWIFT_EMIT_LOC_STRINGS = YES;
				SWIFT_VERSION = 5.0;
				TARGETED_DEVICE_FAMILY = 1;
			};
			name = Debug;
		};
		FAECE4A728F6314800EE05CF /* Release */ = {
			isa = XCBuildConfiguration;
			buildSettings = {
				ASSETCATALOG_COMPILER_APPICON_NAME = AppIcon;
				ASSETCATALOG_COMPILER_GLOBAL_ACCENT_COLOR_NAME = AccentColor;
				CODE_SIGN_STYLE = Automatic;
				CURRENT_PROJECT_VERSION = 1;
				DEVELOPMENT_ASSET_PATHS = "\"WordPlay/Preview Content\"";
				DEVELOPMENT_TEAM = 955DP87LHM;
				ENABLE_PREVIEWS = YES;
				GENERATE_INFOPLIST_FILE = YES;
				INFOPLIST_KEY_UIApplicationSceneManifest_Generation = YES;
				INFOPLIST_KEY_UIApplicationSupportsIndirectInputEvents = YES;
				INFOPLIST_KEY_UILaunchScreen_Generation = YES;
				INFOPLIST_KEY_UIStatusBarHidden = YES;
				INFOPLIST_KEY_UISupportedInterfaceOrientations = UIInterfaceOrientationPortrait;
				INFOPLIST_KEY_UISupportedInterfaceOrientations_iPad = "UIInterfaceOrientationPortrait UIInterfaceOrientationPortraitUpsideDown UIInterfaceOrientationLandscapeLeft UIInterfaceOrientationLandscapeRight";
				INFOPLIST_KEY_UISupportedInterfaceOrientations_iPhone = "UIInterfaceOrientationPortrait UIInterfaceOrientationLandscapeLeft UIInterfaceOrientationLandscapeRight";
				IPHONEOS_DEPLOYMENT_TARGET = 15.0;
				LD_RUNPATH_SEARCH_PATHS = (
					"$(inherited)",
					"@executable_path/Frameworks",
				);
				MARKETING_VERSION = 1.0;
				PRODUCT_BUNDLE_IDENTIFIER = none.WordPlay;
				PRODUCT_NAME = "$(TARGET_NAME)";
				SWIFT_EMIT_LOC_STRINGS = YES;
				SWIFT_VERSION = 5.0;
				TARGETED_DEVICE_FAMILY = 1;
			};
			name = Release;
		};
/* End XCBuildConfiguration section */

/* Begin XCConfigurationList section */
		FAECE49228F6314300EE05CF /* Build configuration list for PBXProject "WordPlay" */ = {
			isa = XCConfigurationList;
			buildConfigurations = (
				FAECE4A328F6314800EE05CF /* Debug */,
				FAECE4A428F6314800EE05CF /* Release */,
			);
			defaultConfigurationIsVisible = 0;
			defaultConfigurationName = Release;
		};
		FAECE4A528F6314800EE05CF /* Build configuration list for PBXNativeTarget "WordPlay" */ = {
			isa = XCConfigurationList;
			buildConfigurations = (
				FAECE4A628F6314800EE05CF /* Debug */,
				FAECE4A728F6314800EE05CF /* Release */,
			);
			defaultConfigurationIsVisible = 0;
			defaultConfigurationName = Release;
		};
/* End XCConfigurationList section */
	};
	rootObject = FAECE48F28F6314300EE05CF /* Project object */;
}
